
Microsoft Visual Studio Solution File, Format Version 12.00
# Visual Studio 15
VisualStudioVersion = 15.0.27703.2042
MinimumVisualStudioVersion = 10.0.40219.1
Project("{FAE04EC0-301F-11D3-BF4B-00C04F79EFBC}") = "CalculatorWithGUI", "CalculatorWithGUI\CalculatorWithGUI.csproj", "{8E909164-17A3-43A8-B60C-D69F339E8B61}"
EndProject
Global
	GlobalSection(SolutionConfigurationPlatforms) = preSolution
		Debug|Any CPU = Debug|Any CPU
		Release|Any CPU = Release|Any CPU
	EndGlobalSection
	GlobalSection(ProjectConfigurationPlatforms) = postSolution
		{8E909164-17A3-43A8-B60C-D69F339E8B61}.Debug|Any CPU.ActiveCfg = Debug|Any CPU
		{8E909164-17A3-43A8-B60C-D69F339E8B61}.Debug|Any CPU.Build.0 = Debug|Any CPU
		{8E909164-17A3-43A8-B60C-D69F339E8B61}.Release|Any CPU.ActiveCfg = Release|Any CPU
		{8E909164-17A3-43A8-B60C-D69F339E8B61}.Release|Any CPU.Build.0 = Release|Any CPU
	EndGlobalSection
	GlobalSection(SolutionProperties) = preSolution
		HideSolutionNode = FALSE
	EndGlobalSection
	GlobalSection(ExtensibilityGlobals) = postSolution
		SolutionGuid = {FC54E005-B33D-4D50-B31B-92C62DC27DC7}
	EndGlobalSection
EndGlobal
